// !$*UTF8*$!
{
	archiveVersion = 1;
	classes = {
	};
	objectVersion = 46;
	objects = {

/* Begin PBXBuildFile section */
		190F2F681DF3EE4D00D5F152 /* AppDelegate.swift in Sources */ = {isa = PBXBuildFile; fileRef = 190F2F671DF3EE4D00D5F152 /* AppDelegate.swift */; };
		190F2F6A1DF3EE4D00D5F152 /* ViewController.swift in Sources */ = {isa = PBXBuildFile; fileRef = 190F2F691DF3EE4D00D5F152 /* ViewController.swift */; };
		190F2F6F1DF3EE4D00D5F152 /* Assets.xcassets in Resources */ = {isa = PBXBuildFile; fileRef = 190F2F6E1DF3EE4D00D5F152 /* Assets.xcassets */; };
		190F2F721DF3EE4D00D5F152 /* LaunchScreen.storyboard in Resources */ = {isa = PBXBuildFile; fileRef = 190F2F701DF3EE4D00D5F152 /* LaunchScreen.storyboard */; };
		190F2F7F1DF3EF1C00D5F152 /* MasterViewController.swift in Sources */ = {isa = PBXBuildFile; fileRef = 190F2F791DF3EF1C00D5F152 /* MasterViewController.swift */; };
		190F2F801DF3EF1C00D5F152 /* TapToCloseViewController.swift in Sources */ = {isa = PBXBuildFile; fileRef = 190F2F7A1DF3EF1C00D5F152 /* TapToCloseViewController.swift */; };
		190F2F811DF3EF1C00D5F152 /* RoundedCornersViewController.swift in Sources */ = {isa = PBXBuildFile; fileRef = 190F2F7B1DF3EF1C00D5F152 /* RoundedCornersViewController.swift */; };
		190F2F821DF3EF1C00D5F152 /* PathViewController.swift in Sources */ = {isa = PBXBuildFile; fileRef = 190F2F7C1DF3EF1C00D5F152 /* PathViewController.swift */; };
		190F2F831DF3EF1C00D5F152 /* LineWidthViewController.swift in Sources */ = {isa = PBXBuildFile; fileRef = 190F2F7D1DF3EF1C00D5F152 /* LineWidthViewController.swift */; };
		190F2F841DF3EF1C00D5F152 /* DrawRectangleViewController.swift in Sources */ = {isa = PBXBuildFile; fileRef = 190F2F7E1DF3EF1C00D5F152 /* DrawRectangleViewController.swift */; };
		190F2F891DF3FA6800D5F152 /* Main.storyboard in Resources */ = {isa = PBXBuildFile; fileRef = 190F2F881DF3FA6800D5F152 /* Main.storyboard */; };
/* End PBXBuildFile section */

/* Begin PBXFileReference section */
		190F2F641DF3EE4D00D5F152 /* iOSAnimationDemo.app */ = {isa = PBXFileReference; explicitFileType = wrapper.application; includeInIndex = 0; path = iOSAnimationDemo.app; sourceTree = BUILT_PRODUCTS_DIR; };
		190F2F671DF3EE4D00D5F152 /* AppDelegate.swift */ = {isa = PBXFileReference; lastKnownFileType = sourcecode.swift; path = AppDelegate.swift; sourceTree = "<group>"; };
		190F2F691DF3EE4D00D5F152 /* ViewController.swift */ = {isa = PBXFileReference; lastKnownFileType = sourcecode.swift; path = ViewController.swift; sourceTree = "<group>"; };
		190F2F6E1DF3EE4D00D5F152 /* Assets.xcassets */ = {isa = PBXFileReference; lastKnownFileType = folder.assetcatalog; path = Assets.xcassets; sourceTree = "<group>"; };
		190F2F711DF3EE4D00D5F152 /* Base */ = {isa = PBXFileReference; lastKnownFileType = file.storyboard; name = Base; path = Base.lproj/LaunchScreen.storyboard; sourceTree = "<group>"; };
		190F2F731DF3EE4D00D5F152 /* Info.plist */ = {isa = PBXFileReference; lastKnownFileType = text.plist.xml; path = Info.plist; sourceTree = "<group>"; };
		190F2F791DF3EF1C00D5F152 /* MasterViewController.swift */ = {isa = PBXFileReference; fileEncoding = 4; lastKnownFileType = sourcecode.swift; path = MasterViewController.swift; sourceTree = "<group>"; };
		190F2F7A1DF3EF1C00D5F152 /* TapToCloseViewController.swift */ = {isa = PBXFileReference; fileEncoding = 4; lastKnownFileType = sourcecode.swift; path = TapToCloseViewController.swift; sourceTree = "<group>"; };
		190F2F7B1DF3EF1C00D5F152 /* RoundedCornersViewController.swift */ = {isa = PBXFileReference; fileEncoding = 4; lastKnownFileType = sourcecode.swift; path = RoundedCornersViewController.swift; sourceTree = "<group>"; };
		190F2F7C1DF3EF1C00D5F152 /* PathViewController.swift */ = {isa = PBXFileReference; fileEncoding = 4; lastKnownFileType = sourcecode.swift; path = PathViewController.swift; sourceTree = "<group>"; };
		190F2F7D1DF3EF1C00D5F152 /* LineWidthViewController.swift */ = {isa = PBXFileReference; fileEncoding = 4; lastKnownFileType = sourcecode.swift; path = LineWidthViewController.swift; sourceTree = "<group>"; };
		190F2F7E1DF3EF1C00D5F152 /* DrawRectangleViewController.swift */ = {isa = PBXFileReference; fileEncoding = 4; lastKnownFileType = sourcecode.swift; path = DrawRectangleViewController.swift; sourceTree = "<group>"; };
		190F2F881DF3FA6800D5F152 /* Main.storyboard */ = {isa = PBXFileReference; fileEncoding = 4; lastKnownFileType = file.storyboard; path = Main.storyboard; sourceTree = "<group>"; };
/* End PBXFileReference section */

/* Begin PBXFrameworksBuildPhase section */
		190F2F611DF3EE4D00D5F152 /* Frameworks */ = {
			isa = PBXFrameworksBuildPhase;
			buildActionMask = 2147483647;
			files = (
			);
			runOnlyForDeploymentPostprocessing = 0;
		};
/* End PBXFrameworksBuildPhase section */

/* Begin PBXGroup section */
		190F2F5B1DF3EE4D00D5F152 = {
			isa = PBXGroup;
			children = (
				190F2F661DF3EE4D00D5F152 /* iOSAnimationDemo */,
				190F2F651DF3EE4D00D5F152 /* Products */,
			);
			sourceTree = "<group>";
		};
		190F2F651DF3EE4D00D5F152 /* Products */ = {
			isa = PBXGroup;
			children = (
				190F2F641DF3EE4D00D5F152 /* iOSAnimationDemo.app */,
			);
			name = Products;
			sourceTree = "<group>";
		};
		190F2F661DF3EE4D00D5F152 /* iOSAnimationDemo */ = {
			isa = PBXGroup;
			children = (
				190F2F881DF3FA6800D5F152 /* Main.storyboard */,
				190F2F671DF3EE4D00D5F152 /* AppDelegate.swift */,
				190F2F791DF3EF1C00D5F152 /* MasterViewController.swift */,
				190F2F7A1DF3EF1C00D5F152 /* TapToCloseViewController.swift */,
				190F2F7B1DF3EF1C00D5F152 /* RoundedCornersViewController.swift */,
				190F2F7C1DF3EF1C00D5F152 /* PathViewController.swift */,
				190F2F7D1DF3EF1C00D5F152 /* LineWidthViewController.swift */,
				190F2F7E1DF3EF1C00D5F152 /* DrawRectangleViewController.swift */,
				190F2F691DF3EE4D00D5F152 /* ViewController.swift */,
				190F2F6E1DF3EE4D00D5F152 /* Assets.xcassets */,
				190F2F701DF3EE4D00D5F152 /* LaunchScreen.storyboard */,
				190F2F731DF3EE4D00D5F152 /* Info.plist */,
			);
			path = iOSAnimationDemo;
			sourceTree = "<group>";
		};
/* End PBXGroup section */

/* Begin PBXNativeTarget section */
		190F2F631DF3EE4D00D5F152 /* iOSAnimationDemo */ = {
			isa = PBXNativeTarget;
			buildConfigurationList = 190F2F761DF3EE4D00D5F152 /* Build configuration list for PBXNativeTarget "iOSAnimationDemo" */;
			buildPhases = (
				190F2F601DF3EE4D00D5F152 /* Sources */,
				190F2F611DF3EE4D00D5F152 /* Frameworks */,
				190F2F621DF3EE4D00D5F152 /* Resources */,
			);
			buildRules = (
			);
			dependencies = (
			);
			name = iOSAnimationDemo;
			productName = iOSAnimationDemo;
			productReference = 190F2F641DF3EE4D00D5F152 /* iOSAnimationDemo.app */;
			productType = "com.apple.product-type.application";
		};
/* End PBXNativeTarget section */

/* Begin PBXProject section */
		190F2F5C1DF3EE4D00D5F152 /* Project object */ = {
			isa = PBXProject;
			attributes = {
				LastSwiftUpdateCheck = 0810;
				LastUpgradeCheck = 0810;
				ORGANIZATIONNAME = "Zheng Liu";
				TargetAttributes = {
					190F2F631DF3EE4D00D5F152 = {
						CreatedOnToolsVersion = 8.1;
						ProvisioningStyle = Automatic;
					};
				};
			};
			buildConfigurationList = 190F2F5F1DF3EE4D00D5F152 /* Build configuration list for PBXProject "iOSAnimationDemo" */;
			compatibilityVersion = "Xcode 3.2";
			developmentRegion = English;
			hasScannedForEncodings = 0;
			knownRegions = (
				en,
				Base,
			);
			mainGroup = 190F2F5B1DF3EE4D00D5F152;
			productRefGroup = 190F2F651DF3EE4D00D5F152 /* Products */;
			projectDirPath = "";
			projectRoot = "";
			targets = (
				190F2F631DF3EE4D00D5F152 /* iOSAnimationDemo */,
			);
		};
/* End PBXProject section */

/* Begin PBXResourcesBuildPhase section */
		190F2F621DF3EE4D00D5F152 /* Resources */ = {
			isa = PBXResourcesBuildPhase;
			buildActionMask = 2147483647;
			files = (
				190F2F891DF3FA6800D5F152 /* Main.storyboard in Resources */,
				190F2F721DF3EE4D00D5F152 /* LaunchScreen.storyboard in Resources */,
				190F2F6F1DF3EE4D00D5F152 /* Assets.xcassets in Resources */,
			);
			runOnlyForDeploymentPostprocessing = 0;
		};
/* End PBXResourcesBuildPhase section */

/* Begin PBXSourcesBuildPhase section */
		190F2F601DF3EE4D00D5F152 /* Sources */ = {
			isa = PBXSourcesBuildPhase;
			buildActionMask = 2147483647;
			files = (
				190F2F6A1DF3EE4D00D5F152 /* ViewController.swift in Sources */,
				190F2F811DF3EF1C00D5F152 /* RoundedCornersViewController.swift in Sources */,
				190F2F831DF3EF1C00D5F152 /* LineWidthViewController.swift in Sources */,
				190F2F681DF3EE4D00D5F152 /* AppDelegate.swift in Sources */,
				190F2F841DF3EF1C00D5F152 /* DrawRectangleViewController.swift in Sources */,
				190F2F801DF3EF1C00D5F152 /* TapToCloseViewController.swift in Sources */,
				190F2F7F1DF3EF1C00D5F152 /* MasterViewController.swift in Sources */,
				190F2F821DF3EF1C00D5F152 /* PathViewController.swift in Sources */,
			);
			runOnlyForDeploymentPostprocessing = 0;
		};
/* End PBXSourcesBuildPhase section */

/* Begin PBXVariantGroup section */
		190F2F701DF3EE4D00D5F152 /* LaunchScreen.storyboard */ = {
			isa = PBXVariantGroup;
			children = (
				190F2F711DF3EE4D00D5F152 /* Base */,
			);
			name = LaunchScreen.storyboard;
			sourceTree = "<group>";
		};
/* End PBXVariantGroup section */

/* Begin XCBuildConfiguration section */
		190F2F741DF3EE4D00D5F152 /* Debug */ = {
			isa = XCBuildConfiguration;
			buildSettings = {
				ALWAYS_SEARCH_USER_PATHS = NO;
				CLANG_ANALYZER_NONNULL = YES;
				CLANG_CXX_LANGUAGE_STANDARD = "gnu++0x";
				CLANG_CXX_LIBRARY = "libc++";
				CLANG_ENABLE_MODULES = YES;
				CLANG_ENABLE_OBJC_ARC = YES;
				CLANG_WARN_BOOL_CONVERSION = YES;
				CLANG_WARN_CONSTANT_CONVERSION = YES;
				CLANG_WARN_DIRECT_OBJC_ISA_USAGE = YES_ERROR;
				CLANG_WARN_DOCUMENTATION_COMMENTS = YES;
				CLANG_WARN_EMPTY_BODY = YES;
				CLANG_WARN_ENUM_CONVERSION = YES;
				CLANG_WARN_INFINITE_RECURSION = YES;
				CLANG_WARN_INT_CONVERSION = YES;
				CLANG_WARN_OBJC_ROOT_CLASS = YES_ERROR;
				CLANG_WARN_SUSPICIOUS_MOVES = YES;
				CLANG_WARN_UNREACHABLE_CODE = YES;
				CLANG_WARN__DUPLICATE_METHOD_MATCH = YES;
				"CODE_SIGN_IDENTITY[sdk=iphoneos*]" = "iPhone Developer";
				COPY_PHASE_STRIP = NO;
				DEBUG_INFORMATION_FORMAT = dwarf;
				ENABLE_STRICT_OBJC_MSGSEND = YES;
				ENABLE_TESTABILITY = YES;
				GCC_C_LANGUAGE_STANDARD = gnu99;
				GCC_DYNAMIC_NO_PIC = NO;
				GCC_NO_COMMON_BLOCKS = YES;
				GCC_OPTIMIZATION_LEVEL = 0;
				GCC_PREPROCESSOR_DEFINITIONS = (
					"DEBUG=1",
					"$(inherited)",
				);
				GCC_WARN_64_TO_32_BIT_CONVERSION = YES;
				GCC_WARN_ABOUT_RETURN_TYPE = YES_ERROR;
				GCC_WARN_UNDECLARED_SELECTOR = YES;
				GCC_WARN_UNINITIALIZED_AUTOS = YES_AGGRESSIVE;
				GCC_WARN_UNUSED_FUNCTION = YES;
				GCC_WARN_UNUSED_VARIABLE = YES;
				IPHONEOS_DEPLOYMENT_TARGET = 10.1;
				MTL_ENABLE_DEBUG_INFO = YES;
				ONLY_ACTIVE_ARCH = YES;
				SDKROOT = iphoneos;
				SWIFT_ACTIVE_COMPILATION_CONDITIONS = DEBUG;
				SWIFT_OPTIMIZATION_LEVEL = "-Onone";
				TARGETED_DEVICE_FAMILY = "1,2";
			};
			name = Debug;
		};
		190F2F751DF3EE4D00D5F152 /* Release */ = {
			isa = XCBuildConfiguration;
			buildSettings = {
				ALWAYS_SEARCH_USER_PATHS = NO;
				CLANG_ANALYZER_NONNULL = YES;
				CLANG_CXX_LANGUAGE_STANDARD = "gnu++0x";
				CLANG_CXX_LIBRARY = "libc++";
				CLANG_ENABLE_MODULES = YES;
				CLANG_ENABLE_OBJC_ARC = YES;
				CLANG_WARN_BOOL_CONVERSION = YES;
				CLANG_WARN_CONSTANT_CONVERSION = YES;
				CLANG_WARN_DIRECT_OBJC_ISA_USAGE = YES_ERROR;
				CLANG_WARN_DOCUMENTATION_COMMENTS = YES;
				CLANG_WARN_EMPTY_BODY = YES;
				CLANG_WARN_ENUM_CONVERSION = YES;
				CLANG_WARN_INFINITE_RECURSION = YES;
				CLANG_WARN_INT_CONVERSION = YES;
				CLANG_WARN_OBJC_ROOT_CLASS = YES_ERROR;
				CLANG_WARN_SUSPICIOUS_MOVES = YES;
				CLANG_WARN_UNREACHABLE_CODE = YES;
				CLANG_WARN__DUPLICATE_METHOD_MATCH = YES;
				"CODE_SIGN_IDENTITY[sdk=iphoneos*]" = "iPhone Developer";
				COPY_PHASE_STRIP = NO;
				DEBUG_INFORMATION_FORMAT = "dwarf-with-dsym";
				ENABLE_NS_ASSERTIONS = NO;
				ENABLE_STRICT_OBJC_MSGSEND = YES;
				GCC_C_LANGUAGE_STANDARD = gnu99;
				GCC_NO_COMMON_BLOCKS = YES;
				GCC_WARN_64_TO_32_BIT_CONVERSION = YES;
				GCC_WARN_ABOUT_RETURN_TYPE = YES_ERROR;
				GCC_WARN_UNDECLARED_SELECTOR = YES;
				GCC_WARN_UNINITIALIZED_AUTOS = YES_AGGRESSIVE;
				GCC_WARN_UNUSED_FUNCTION = YES;
				GCC_WARN_UNUSED_VARIABLE = YES;
				IPHONEOS_DEPLOYMENT_TARGET = 10.1;
				MTL_ENABLE_DEBUG_INFO = NO;
				SDKROOT = iphoneos;
				SWIFT_OPTIMIZATION_LEVEL = "-Owholemodule";
				TARGETED_DEVICE_FAMILY = "1,2";
				VALIDATE_PRODUCT = YES;
			};
			name = Release;
		};
		190F2F771DF3EE4D00D5F152 /* Debug */ = {
			isa = XCBuildConfiguration;
			buildSettings = {
				ASSETCATALOG_COMPILER_APPICON_NAME = AppIcon;
				INFOPLIST_FILE = iOSAnimationDemo/Info.plist;
				LD_RUNPATH_SEARCH_PATHS = "$(inherited) @executable_path/Frameworks";
				PRODUCT_BUNDLE_IDENTIFIER = "com.lzbob.-iOSAnimationDemo.iOSAnimationDemo";
				PRODUCT_NAME = "$(TARGET_NAME)";
				SWIFT_VERSION = 3.0;
			};
			name = Debug;
		};
		190F2F781DF3EE4D00D5F152 /* Release */ = {
			isa = XCBuildConfiguration;
			buildSettings = {
				ASSETCATALOG_COMPILER_APPICON_NAME = AppIcon;
				INFOPLIST_FILE = iOSAnimationDemo/Info.plist;
				LD_RUNPATH_SEARCH_PATHS = "$(inherited) @executable_path/Frameworks";
				PRODUCT_BUNDLE_IDENTIFIER = "com.lzbob.-iOSAnimationDemo.iOSAnimationDemo";
				PRODUCT_NAME = "$(TARGET_NAME)";
				SWIFT_VERSION = 3.0;
			};
			name = Release;
		};
/* End XCBuildConfiguration section */

/* Begin XCConfigurationList section */
		190F2F5F1DF3EE4D00D5F152 /* Build configuration list for PBXProject "iOSAnimationDemo" */ = {
			isa = XCConfigurationList;
			buildConfigurations = (
				190F2F741DF3EE4D00D5F152 /* Debug */,
				190F2F751DF3EE4D00D5F152 /* Release */,
			);
			defaultConfigurationIsVisible = 0;
			defaultConfigurationName = Release;
		};
		190F2F761DF3EE4D00D5F152 /* Build configuration list for PBXNativeTarget "iOSAnimationDemo" */ = {
			isa = XCConfigurationList;
			buildConfigurations = (
				190F2F771DF3EE4D00D5F152 /* Debug */,
				190F2F781DF3EE4D00D5F152 /* Release */,
			);
			defaultConfigurationIsVisible = 0;
		};
/* End XCConfigurationList section */
	};
	rootObject = 190F2F5C1DF3EE4D00D5F152 /* Project object */;
}
